
Microsoft Visual Studio Solution File, Format Version 12.00
# Visual Studio Version 17
VisualStudioVersion = 17.6.33815.320
MinimumVisualStudioVersion = 10.0.40219.1
Project("{FAE04EC0-301F-11D3-BF4B-00C04F79EFBC}") = "CLUBot", "CLUBot.csproj", "{0F235AC4-0E22-42FF-8F2C-16C1E8A6272C}"
EndProject
Global
	GlobalSection(SolutionConfigurationPlatforms) = preSolution
		Debug|Any CPU = Debug|Any CPU
		Release|Any CPU = Release|Any CPU
	EndGlobalSection
	GlobalSection(ProjectConfigurationPlatforms) = postSolution
		{0F235AC4-0E22-42FF-8F2C-16C1E8A6272C}.Debug|Any CPU.ActiveCfg = Debug|Any CPU
		{0F235AC4-0E22-42FF-8F2C-16C1E8A6272C}.Debug|Any CPU.Build.0 = Debug|Any CPU
		{0F235AC4-0E22-42FF-8F2C-16C1E8A6272C}.Release|Any CPU.ActiveCfg = Release|Any CPU
		{0F235AC4-0E22-42FF-8F2C-16C1E8A6272C}.Release|Any CPU.Build.0 = Release|Any CPU
	EndGlobalSection
	GlobalSection(SolutionProperties) = preSolution
		HideSolutionNode = FALSE
	EndGlobalSection
	GlobalSection(ExtensibilityGlobals) = postSolution
		SolutionGuid = {3C60CCFD-5210-4C4F-951B-CF461CD28B45}
	EndGlobalSection
EndGlobal
